
Microsoft Visual Studio Solution File, Format Version 12.00
# Visual Studio Version 16
VisualStudioVersion = 16.0.32901.82
MinimumVisualStudioVersion = 10.0.40219.1
Project("{9A19103F-16F7-4668-BE54-9A1E7A4F7556}") = "DataAccess", "DataAccess\DataAccess.csproj", "{500C89FE-9BCA-4549-97D3-C89082622719}"
EndProject
Project("{9A19103F-16F7-4668-BE54-9A1E7A4F7556}") = "Business", "Business\Business.csproj", "{97391ED9-4F79-4C8D-807C-1D0281C9E03D}"
EndProject
Project("{9A19103F-16F7-4668-BE54-9A1E7A4F7556}") = "Entities", "Entities\Entities.csproj", "{89967753-077F-4466-A3A0-A33C1588D42E}"
EndProject
Project("{9A19103F-16F7-4668-BE54-9A1E7A4F7556}") = "ConsoleUI", "ConsoleUI\ConsoleUI.csproj", "{56DC741F-618D-4BFC-8D4F-3BF6DC8D3BD2}"
EndProject
Project("{9A19103F-16F7-4668-BE54-9A1E7A4F7556}") = "Core", "Core\Core.csproj", "{6B975260-F393-4B91-975C-2F51BF0898D3}"
EndProject
Project("{FAE04EC0-301F-11D3-BF4B-00C04F79EFBC}") = "WebAPI", "WebAPI\WebAPI.csproj", "{1BB0C2CB-F82B-4A90-807E-A7272DA5918D}"
EndProject
Global
	GlobalSection(SolutionConfigurationPlatforms) = preSolution
		Debug|Any CPU = Debug|Any CPU
		Release|Any CPU = Release|Any CPU
	EndGlobalSection
	GlobalSection(ProjectConfigurationPlatforms) = postSolution
		{500C89FE-9BCA-4549-97D3-C89082622719}.Debug|Any CPU.ActiveCfg = Debug|Any CPU
		{500C89FE-9BCA-4549-97D3-C89082622719}.Debug|Any CPU.Build.0 = Debug|Any CPU
		{500C89FE-9BCA-4549-97D3-C89082622719}.Release|Any CPU.ActiveCfg = Release|Any CPU
		{500C89FE-9BCA-4549-97D3-C89082622719}.Release|Any CPU.Build.0 = Release|Any CPU
		{97391ED9-4F79-4C8D-807C-1D0281C9E03D}.Debug|Any CPU.ActiveCfg = Debug|Any CPU
		{97391ED9-4F79-4C8D-807C-1D0281C9E03D}.Debug|Any CPU.Build.0 = Debug|Any CPU
		{97391ED9-4F79-4C8D-807C-1D0281C9E03D}.Release|Any CPU.ActiveCfg = Release|Any CPU
		{97391ED9-4F79-4C8D-807C-1D0281C9E03D}.Release|Any CPU.Build.0 = Release|Any CPU
		{89967753-077F-4466-A3A0-A33C1588D42E}.Debug|Any CPU.ActiveCfg = Debug|Any CPU
		{89967753-077F-4466-A3A0-A33C1588D42E}.Debug|Any CPU.Build.0 = Debug|Any CPU
		{89967753-077F-4466-A3A0-A33C1588D42E}.Release|Any CPU.ActiveCfg = Release|Any CPU
		{89967753-077F-4466-A3A0-A33C1588D42E}.Release|Any CPU.Build.0 = Release|Any CPU
		{56DC741F-618D-4BFC-8D4F-3BF6DC8D3BD2}.Debug|Any CPU.ActiveCfg = Debug|Any CPU
		{56DC741F-618D-4BFC-8D4F-3BF6DC8D3BD2}.Debug|Any CPU.Build.0 = Debug|Any CPU
		{56DC741F-618D-4BFC-8D4F-3BF6DC8D3BD2}.Release|Any CPU.ActiveCfg = Release|Any CPU
		{56DC741F-618D-4BFC-8D4F-3BF6DC8D3BD2}.Release|Any CPU.Build.0 = Release|Any CPU
		{6B975260-F393-4B91-975C-2F51BF0898D3}.Debug|Any CPU.ActiveCfg = Debug|Any CPU
		{6B975260-F393-4B91-975C-2F51BF0898D3}.Debug|Any CPU.Build.0 = Debug|Any CPU
		{6B975260-F393-4B91-975C-2F51BF0898D3}.Release|Any CPU.ActiveCfg = Release|Any CPU
		{6B975260-F393-4B91-975C-2F51BF0898D3}.Release|Any CPU.Build.0 = Release|Any CPU
		{1BB0C2CB-F82B-4A90-807E-A7272DA5918D}.Debug|Any CPU.ActiveCfg = Debug|Any CPU
		{1BB0C2CB-F82B-4A90-807E-A7272DA5918D}.Debug|Any CPU.Build.0 = Debug|Any CPU
		{1BB0C2CB-F82B-4A90-807E-A7272DA5918D}.Release|Any CPU.ActiveCfg = Release|Any CPU
		{1BB0C2CB-F82B-4A90-807E-A7272DA5918D}.Release|Any CPU.Build.0 = Release|Any CPU
	EndGlobalSection
	GlobalSection(SolutionProperties) = preSolution
		HideSolutionNode = FALSE
	EndGlobalSection
	GlobalSection(ExtensibilityGlobals) = postSolution
		SolutionGuid = {C3679D10-E9C8-49F6-A3B2-ECFE8602D2D0}
	EndGlobalSection
EndGlobal
